
Microsoft Visual Studio Solution File, Format Version 12.00
# Visual Studio 15
VisualStudioVersion = 15.0.28010.2036
MinimumVisualStudioVersion = 10.0.40219.1
Project("{FAE04EC0-301F-11D3-BF4B-00C04F79EFBC}") = "Ex1", "Ex1\Ex1.csproj", "{50B9DE09-27B3-491E-A1E5-7A8E52F828D8}"
EndProject
Project("{FAE04EC0-301F-11D3-BF4B-00C04F79EFBC}") = "Ex2", "Ex2\Ex2.csproj", "{13D95AE9-E880-4CFA-96CE-A18AACF482F2}"
EndProject
Project("{FAE04EC0-301F-11D3-BF4B-00C04F79EFBC}") = "Ex3", "Ex3\Ex3.csproj", "{E076C0AA-381B-4464-B897-A46B9863457C}"
EndProject
Project("{FAE04EC0-301F-11D3-BF4B-00C04F79EFBC}") = "Ex4", "Ex4\Ex4.csproj", "{97243665-7326-4C3D-9927-33D34E1F4C7C}"
EndProject
Project("{FAE04EC0-301F-11D3-BF4B-00C04F79EFBC}") = "Ex5", "Ex5\Ex5.csproj", "{CEC2C1CE-77A2-4EE8-BEBA-A797C4375A8C}"
EndProject
Project("{FAE04EC0-301F-11D3-BF4B-00C04F79EFBC}") = "Ex6", "Ex6\Ex6.csproj", "{4291D0F2-1BAE-4817-AC61-48B628B332EB}"
EndProject
Project("{FAE04EC0-301F-11D3-BF4B-00C04F79EFBC}") = "Ex7", "Ex7\Ex7.csproj", "{ABEE44F4-504D-44D8-9A10-CF1974167D79}"
EndProject
Project("{FAE04EC0-301F-11D3-BF4B-00C04F79EFBC}") = "Ex8", "Ex8\Ex8.csproj", "{58797523-1646-41AB-B5B5-CCF50EBC857D}"
EndProject
Project("{FAE04EC0-301F-11D3-BF4B-00C04F79EFBC}") = "Ex9", "Ex9\Ex9.csproj", "{2EB4120A-1080-4D9D-802A-0BBF13A31043}"
EndProject
Project("{FAE04EC0-301F-11D3-BF4B-00C04F79EFBC}") = "Ex10", "Ex10\Ex10.csproj", "{13D896BA-143F-4563-8B8C-6DB17A319CE2}"
EndProject
Project("{FAE04EC0-301F-11D3-BF4B-00C04F79EFBC}") = "Ex11", "Ex11\Ex11.csproj", "{31CFF328-E048-4445-A012-487245BF5798}"
EndProject
Project("{FAE04EC0-301F-11D3-BF4B-00C04F79EFBC}") = "Ex12", "Ex12\Ex12.csproj", "{1FCBD4BB-90D7-400D-B9F4-D295EAE0E3A7}"
EndProject
Project("{FAE04EC0-301F-11D3-BF4B-00C04F79EFBC}") = "Ex13", "Ex13\Ex13.csproj", "{3424FAD8-B3A0-43A2-85BB-C216DE3CA57C}"
EndProject
Global
	GlobalSection(SolutionConfigurationPlatforms) = preSolution
		Debug|Any CPU = Debug|Any CPU
		Release|Any CPU = Release|Any CPU
	EndGlobalSection
	GlobalSection(ProjectConfigurationPlatforms) = postSolution
		{50B9DE09-27B3-491E-A1E5-7A8E52F828D8}.Debug|Any CPU.ActiveCfg = Debug|Any CPU
		{50B9DE09-27B3-491E-A1E5-7A8E52F828D8}.Debug|Any CPU.Build.0 = Debug|Any CPU
		{50B9DE09-27B3-491E-A1E5-7A8E52F828D8}.Release|Any CPU.ActiveCfg = Release|Any CPU
		{50B9DE09-27B3-491E-A1E5-7A8E52F828D8}.Release|Any CPU.Build.0 = Release|Any CPU
		{13D95AE9-E880-4CFA-96CE-A18AACF482F2}.Debug|Any CPU.ActiveCfg = Debug|Any CPU
		{13D95AE9-E880-4CFA-96CE-A18AACF482F2}.Debug|Any CPU.Build.0 = Debug|Any CPU
		{13D95AE9-E880-4CFA-96CE-A18AACF482F2}.Release|Any CPU.ActiveCfg = Release|Any CPU
		{13D95AE9-E880-4CFA-96CE-A18AACF482F2}.Release|Any CPU.Build.0 = Release|Any CPU
		{E076C0AA-381B-4464-B897-A46B9863457C}.Debug|Any CPU.ActiveCfg = Debug|Any CPU
		{E076C0AA-381B-4464-B897-A46B9863457C}.Debug|Any CPU.Build.0 = Debug|Any CPU
		{E076C0AA-381B-4464-B897-A46B9863457C}.Release|Any CPU.ActiveCfg = Release|Any CPU
		{E076C0AA-381B-4464-B897-A46B9863457C}.Release|Any CPU.Build.0 = Release|Any CPU
		{97243665-7326-4C3D-9927-33D34E1F4C7C}.Debug|Any CPU.ActiveCfg = Debug|Any CPU
		{97243665-7326-4C3D-9927-33D34E1F4C7C}.Debug|Any CPU.Build.0 = Debug|Any CPU
		{97243665-7326-4C3D-9927-33D34E1F4C7C}.Release|Any CPU.ActiveCfg = Release|Any CPU
		{97243665-7326-4C3D-9927-33D34E1F4C7C}.Release|Any CPU.Build.0 = Release|Any CPU
		{CEC2C1CE-77A2-4EE8-BEBA-A797C4375A8C}.Debug|Any CPU.ActiveCfg = Debug|Any CPU
		{CEC2C1CE-77A2-4EE8-BEBA-A797C4375A8C}.Debug|Any CPU.Build.0 = Debug|Any CPU
		{CEC2C1CE-77A2-4EE8-BEBA-A797C4375A8C}.Release|Any CPU.ActiveCfg = Release|Any CPU
		{CEC2C1CE-77A2-4EE8-BEBA-A797C4375A8C}.Release|Any CPU.Build.0 = Release|Any CPU
		{4291D0F2-1BAE-4817-AC61-48B628B332EB}.Debug|Any CPU.ActiveCfg = Debug|Any CPU
		{4291D0F2-1BAE-4817-AC61-48B628B332EB}.Debug|Any CPU.Build.0 = Debug|Any CPU
		{4291D0F2-1BAE-4817-AC61-48B628B332EB}.Release|Any CPU.ActiveCfg = Release|Any CPU
		{4291D0F2-1BAE-4817-AC61-48B628B332EB}.Release|Any CPU.Build.0 = Release|Any CPU
		{ABEE44F4-504D-44D8-9A10-CF1974167D79}.Debug|Any CPU.ActiveCfg = Debug|Any CPU
		{ABEE44F4-504D-44D8-9A10-CF1974167D79}.Debug|Any CPU.Build.0 = Debug|Any CPU
		{ABEE44F4-504D-44D8-9A10-CF1974167D79}.Release|Any CPU.ActiveCfg = Release|Any CPU
		{ABEE44F4-504D-44D8-9A10-CF1974167D79}.Release|Any CPU.Build.0 = Release|Any CPU
		{58797523-1646-41AB-B5B5-CCF50EBC857D}.Debug|Any CPU.ActiveCfg = Debug|Any CPU
		{58797523-1646-41AB-B5B5-CCF50EBC857D}.Debug|Any CPU.Build.0 = Debug|Any CPU
		{58797523-1646-41AB-B5B5-CCF50EBC857D}.Release|Any CPU.ActiveCfg = Release|Any CPU
		{58797523-1646-41AB-B5B5-CCF50EBC857D}.Release|Any CPU.Build.0 = Release|Any CPU
		{2EB4120A-1080-4D9D-802A-0BBF13A31043}.Debug|Any CPU.ActiveCfg = Debug|Any CPU
		{2EB4120A-1080-4D9D-802A-0BBF13A31043}.Debug|Any CPU.Build.0 = Debug|Any CPU
		{2EB4120A-1080-4D9D-802A-0BBF13A31043}.Release|Any CPU.ActiveCfg = Release|Any CPU
		{2EB4120A-1080-4D9D-802A-0BBF13A31043}.Release|Any CPU.Build.0 = Release|Any CPU
		{13D896BA-143F-4563-8B8C-6DB17A319CE2}.Debug|Any CPU.ActiveCfg = Debug|Any CPU
		{13D896BA-143F-4563-8B8C-6DB17A319CE2}.Debug|Any CPU.Build.0 = Debug|Any CPU
		{13D896BA-143F-4563-8B8C-6DB17A319CE2}.Release|Any CPU.ActiveCfg = Release|Any CPU
		{13D896BA-143F-4563-8B8C-6DB17A319CE2}.Release|Any CPU.Build.0 = Release|Any CPU
		{31CFF328-E048-4445-A012-487245BF5798}.Debug|Any CPU.ActiveCfg = Debug|Any CPU
		{31CFF328-E048-4445-A012-487245BF5798}.Debug|Any CPU.Build.0 = Debug|Any CPU
		{31CFF328-E048-4445-A012-487245BF5798}.Release|Any CPU.ActiveCfg = Release|Any CPU
		{31CFF328-E048-4445-A012-487245BF5798}.Release|Any CPU.Build.0 = Release|Any CPU
		{1FCBD4BB-90D7-400D-B9F4-D295EAE0E3A7}.Debug|Any CPU.ActiveCfg = Debug|Any CPU
		{1FCBD4BB-90D7-400D-B9F4-D295EAE0E3A7}.Debug|Any CPU.Build.0 = Debug|Any CPU
		{1FCBD4BB-90D7-400D-B9F4-D295EAE0E3A7}.Release|Any CPU.ActiveCfg = Release|Any CPU
		{1FCBD4BB-90D7-400D-B9F4-D295EAE0E3A7}.Release|Any CPU.Build.0 = Release|Any CPU
		{3424FAD8-B3A0-43A2-85BB-C216DE3CA57C}.Debug|Any CPU.ActiveCfg = Debug|Any CPU
		{3424FAD8-B3A0-43A2-85BB-C216DE3CA57C}.Debug|Any CPU.Build.0 = Debug|Any CPU
		{3424FAD8-B3A0-43A2-85BB-C216DE3CA57C}.Release|Any CPU.ActiveCfg = Release|Any CPU
		{3424FAD8-B3A0-43A2-85BB-C216DE3CA57C}.Release|Any CPU.Build.0 = Release|Any CPU
	EndGlobalSection
	GlobalSection(SolutionProperties) = preSolution
		HideSolutionNode = FALSE
	EndGlobalSection
	GlobalSection(ExtensibilityGlobals) = postSolution
		SolutionGuid = {3960A852-D59A-4BF6-A553-EF4680746604}
	EndGlobalSection
EndGlobal
